
Microsoft Visual Studio Solution File, Format Version 12.00
Project("{FAE04EC0-301F-11D3-BF4B-00C04F79EFBC}") = "ABC", "ABC\ABC.csproj", "{7175985D-414E-4009-A3F5-08F5B01D8EE0}"
EndProject
Global
	GlobalSection(SolutionConfigurationPlatforms) = preSolution
		Debug|Any CPU = Debug|Any CPU
		Release|Any CPU = Release|Any CPU
	EndGlobalSection
	GlobalSection(ProjectConfigurationPlatforms) = postSolution
		{7175985D-414E-4009-A3F5-08F5B01D8EE0}.Debug|Any CPU.ActiveCfg = Debug|Any CPU
		{7175985D-414E-4009-A3F5-08F5B01D8EE0}.Debug|Any CPU.Build.0 = Debug|Any CPU
		{7175985D-414E-4009-A3F5-08F5B01D8EE0}.Release|Any CPU.ActiveCfg = Release|Any CPU
		{7175985D-414E-4009-A3F5-08F5B01D8EE0}.Release|Any CPU.Build.0 = Release|Any CPU
	EndGlobalSection
EndGlobal
